// !$*UTF8*$!
{
	archiveVersion = 1;
	classes = {
	};
	objectVersion = 46;
	objects = {

/* Begin PBXBuildFile section */
		55A63B841D318D81005D05E7 /* AppDelegate.swift in Sources */ = {isa = PBXBuildFile; fileRef = 55A63B831D318D81005D05E7 /* AppDelegate.swift */; };
		55A63B861D318D81005D05E7 /* ViewController.swift in Sources */ = {isa = PBXBuildFile; fileRef = 55A63B851D318D81005D05E7 /* ViewController.swift */; };
		55A63B891D318D81005D05E7 /* Main.storyboard in Resources */ = {isa = PBXBuildFile; fileRef = 55A63B871D318D81005D05E7 /* Main.storyboard */; };
		55A63B8B1D318D81005D05E7 /* Assets.xcassets in Resources */ = {isa = PBXBuildFile; fileRef = 55A63B8A1D318D81005D05E7 /* Assets.xcassets */; };
		55A63B8E1D318D81005D05E7 /* LaunchScreen.storyboard in Resources */ = {isa = PBXBuildFile; fileRef = 55A63B8C1D318D81005D05E7 /* LaunchScreen.storyboard */; };
		55A63B931D318D82005D05E7 /* PingPongTracker WatchKit App.app in Embed Watch Content */ = {isa = PBXBuildFile; fileRef = 55A63B921D318D82005D05E7 /* PingPongTracker WatchKit App.app */; };
		55A63B991D318D82005D05E7 /* Interface.storyboard in Resources */ = {isa = PBXBuildFile; fileRef = 55A63B971D318D82005D05E7 /* Interface.storyboard */; };
		55A63B9B1D318D82005D05E7 /* Assets.xcassets in Resources */ = {isa = PBXBuildFile; fileRef = 55A63B9A1D318D82005D05E7 /* Assets.xcassets */; };
		55A63BA21D318D82005D05E7 /* PingPongTracker WatchKit Extension.appex in Embed App Extensions */ = {isa = PBXBuildFile; fileRef = 55A63BA11D318D82005D05E7 /* PingPongTracker WatchKit Extension.appex */; settings = {ATTRIBUTES = (RemoveHeadersOnCopy, ); }; };
		55A63BA91D318D82005D05E7 /* InterfaceController.swift in Sources */ = {isa = PBXBuildFile; fileRef = 55A63BA81D318D82005D05E7 /* InterfaceController.swift */; };
		55A63BAB1D318D82005D05E7 /* ExtensionDelegate.swift in Sources */ = {isa = PBXBuildFile; fileRef = 55A63BAA1D318D82005D05E7 /* ExtensionDelegate.swift */; };
		55A63BAD1D318D82005D05E7 /* NotificationController.swift in Sources */ = {isa = PBXBuildFile; fileRef = 55A63BAC1D318D82005D05E7 /* NotificationController.swift */; };
		55A63BAF1D318D82005D05E7 /* Assets.xcassets in Resources */ = {isa = PBXBuildFile; fileRef = 55A63BAE1D318D82005D05E7 /* Assets.xcassets */; };
/* End PBXBuildFile section */

/* Begin PBXContainerItemProxy section */
		55A63B941D318D82005D05E7 /* PBXContainerItemProxy */ = {
			isa = PBXContainerItemProxy;
			containerPortal = 55A63B781D318D81005D05E7 /* Project object */;
			proxyType = 1;
			remoteGlobalIDString = 55A63B911D318D82005D05E7;
			remoteInfo = "PingPongTracker WatchKit App";
		};
		55A63BA31D318D82005D05E7 /* PBXContainerItemProxy */ = {
			isa = PBXContainerItemProxy;
			containerPortal = 55A63B781D318D81005D05E7 /* Project object */;
			proxyType = 1;
			remoteGlobalIDString = 55A63BA01D318D82005D05E7;
			remoteInfo = "PingPongTracker WatchKit Extension";
		};
/* End PBXContainerItemProxy section */

/* Begin PBXCopyFilesBuildPhase section */
		55A63BB61D318D82005D05E7 /* Embed App Extensions */ = {
			isa = PBXCopyFilesBuildPhase;
			buildActionMask = 2147483647;
			dstPath = "";
			dstSubfolderSpec = 13;
			files = (
				55A63BA21D318D82005D05E7 /* PingPongTracker WatchKit Extension.appex in Embed App Extensions */,
			);
			name = "Embed App Extensions";
			runOnlyForDeploymentPostprocessing = 0;
		};
		55A63BBA1D318D82005D05E7 /* Embed Watch Content */ = {
			isa = PBXCopyFilesBuildPhase;
			buildActionMask = 2147483647;
			dstPath = "$(CONTENTS_FOLDER_PATH)/Watch";
			dstSubfolderSpec = 16;
			files = (
				55A63B931D318D82005D05E7 /* PingPongTracker WatchKit App.app in Embed Watch Content */,
			);
			name = "Embed Watch Content";
			runOnlyForDeploymentPostprocessing = 0;
		};
/* End PBXCopyFilesBuildPhase section */

/* Begin PBXFileReference section */
		55A63B801D318D81005D05E7 /* PingPongTracker.app */ = {isa = PBXFileReference; explicitFileType = wrapper.application; includeInIndex = 0; path = PingPongTracker.app; sourceTree = BUILT_PRODUCTS_DIR; };
		55A63B831D318D81005D05E7 /* AppDelegate.swift */ = {isa = PBXFileReference; lastKnownFileType = sourcecode.swift; path = AppDelegate.swift; sourceTree = "<group>"; };
		55A63B851D318D81005D05E7 /* ViewController.swift */ = {isa = PBXFileReference; lastKnownFileType = sourcecode.swift; path = ViewController.swift; sourceTree = "<group>"; };
		55A63B881D318D81005D05E7 /* Base */ = {isa = PBXFileReference; lastKnownFileType = file.storyboard; name = Base; path = Base.lproj/Main.storyboard; sourceTree = "<group>"; };
		55A63B8A1D318D81005D05E7 /* Assets.xcassets */ = {isa = PBXFileReference; lastKnownFileType = folder.assetcatalog; path = Assets.xcassets; sourceTree = "<group>"; };
		55A63B8D1D318D81005D05E7 /* Base */ = {isa = PBXFileReference; lastKnownFileType = file.storyboard; name = Base; path = Base.lproj/LaunchScreen.storyboard; sourceTree = "<group>"; };
		55A63B8F1D318D81005D05E7 /* Info.plist */ = {isa = PBXFileReference; lastKnownFileType = text.plist.xml; path = Info.plist; sourceTree = "<group>"; };
		55A63B921D318D82005D05E7 /* PingPongTracker WatchKit App.app */ = {isa = PBXFileReference; explicitFileType = wrapper.application; includeInIndex = 0; path = "PingPongTracker WatchKit App.app"; sourceTree = BUILT_PRODUCTS_DIR; };
		55A63B981D318D82005D05E7 /* Base */ = {isa = PBXFileReference; lastKnownFileType = file.storyboard; name = Base; path = Base.lproj/Interface.storyboard; sourceTree = "<group>"; };
		55A63B9A1D318D82005D05E7 /* Assets.xcassets */ = {isa = PBXFileReference; lastKnownFileType = folder.assetcatalog; path = Assets.xcassets; sourceTree = "<group>"; };
		55A63B9C1D318D82005D05E7 /* Info.plist */ = {isa = PBXFileReference; lastKnownFileType = text.plist.xml; path = Info.plist; sourceTree = "<group>"; };
		55A63BA11D318D82005D05E7 /* PingPongTracker WatchKit Extension.appex */ = {isa = PBXFileReference; explicitFileType = "wrapper.app-extension"; includeInIndex = 0; path = "PingPongTracker WatchKit Extension.appex"; sourceTree = BUILT_PRODUCTS_DIR; };
		55A63BA71D318D82005D05E7 /* PushNotificationPayload.apns */ = {isa = PBXFileReference; lastKnownFileType = text; path = PushNotificationPayload.apns; sourceTree = "<group>"; };
		55A63BA81D318D82005D05E7 /* InterfaceController.swift */ = {isa = PBXFileReference; lastKnownFileType = sourcecode.swift; path = InterfaceController.swift; sourceTree = "<group>"; };
		55A63BAA1D318D82005D05E7 /* ExtensionDelegate.swift */ = {isa = PBXFileReference; lastKnownFileType = sourcecode.swift; path = ExtensionDelegate.swift; sourceTree = "<group>"; };
		55A63BAC1D318D82005D05E7 /* NotificationController.swift */ = {isa = PBXFileReference; lastKnownFileType = sourcecode.swift; path = NotificationController.swift; sourceTree = "<group>"; };
		55A63BAE1D318D82005D05E7 /* Assets.xcassets */ = {isa = PBXFileReference; lastKnownFileType = folder.assetcatalog; path = Assets.xcassets; sourceTree = "<group>"; };
		55A63BB01D318D82005D05E7 /* Info.plist */ = {isa = PBXFileReference; lastKnownFileType = text.plist.xml; path = Info.plist; sourceTree = "<group>"; };
/* End PBXFileReference section */

/* Begin PBXFrameworksBuildPhase section */
		55A63B7D1D318D81005D05E7 /* Frameworks */ = {
			isa = PBXFrameworksBuildPhase;
			buildActionMask = 2147483647;
			files = (
			);
			runOnlyForDeploymentPostprocessing = 0;
		};
		55A63B9E1D318D82005D05E7 /* Frameworks */ = {
			isa = PBXFrameworksBuildPhase;
			buildActionMask = 2147483647;
			files = (
			);
			runOnlyForDeploymentPostprocessing = 0;
		};
/* End PBXFrameworksBuildPhase section */

/* Begin PBXGroup section */
		55A63B771D318D81005D05E7 = {
			isa = PBXGroup;
			children = (
				55A63B821D318D81005D05E7 /* PingPongTracker */,
				55A63B961D318D82005D05E7 /* PingPongTracker WatchKit App */,
				55A63BA51D318D82005D05E7 /* PingPongTracker WatchKit Extension */,
				55A63B811D318D81005D05E7 /* Products */,
			);
			sourceTree = "<group>";
		};
		55A63B811D318D81005D05E7 /* Products */ = {
			isa = PBXGroup;
			children = (
				55A63B801D318D81005D05E7 /* PingPongTracker.app */,
				55A63B921D318D82005D05E7 /* PingPongTracker WatchKit App.app */,
				55A63BA11D318D82005D05E7 /* PingPongTracker WatchKit Extension.appex */,
			);
			name = Products;
			sourceTree = "<group>";
		};
		55A63B821D318D81005D05E7 /* PingPongTracker */ = {
			isa = PBXGroup;
			children = (
				55A63B831D318D81005D05E7 /* AppDelegate.swift */,
				55A63B851D318D81005D05E7 /* ViewController.swift */,
				55A63B871D318D81005D05E7 /* Main.storyboard */,
				55A63B8A1D318D81005D05E7 /* Assets.xcassets */,
				55A63B8C1D318D81005D05E7 /* LaunchScreen.storyboard */,
				55A63B8F1D318D81005D05E7 /* Info.plist */,
			);
			path = PingPongTracker;
			sourceTree = "<group>";
		};
		55A63B961D318D82005D05E7 /* PingPongTracker WatchKit App */ = {
			isa = PBXGroup;
			children = (
				55A63B971D318D82005D05E7 /* Interface.storyboard */,
				55A63B9A1D318D82005D05E7 /* Assets.xcassets */,
				55A63B9C1D318D82005D05E7 /* Info.plist */,
			);
			path = "PingPongTracker WatchKit App";
			sourceTree = "<group>";
		};
		55A63BA51D318D82005D05E7 /* PingPongTracker WatchKit Extension */ = {
			isa = PBXGroup;
			children = (
				55A63BA81D318D82005D05E7 /* InterfaceController.swift */,
				55A63BAA1D318D82005D05E7 /* ExtensionDelegate.swift */,
				55A63BAC1D318D82005D05E7 /* NotificationController.swift */,
				55A63BAE1D318D82005D05E7 /* Assets.xcassets */,
				55A63BB01D318D82005D05E7 /* Info.plist */,
				55A63BA61D318D82005D05E7 /* Supporting Files */,
			);
			path = "PingPongTracker WatchKit Extension";
			sourceTree = "<group>";
		};
		55A63BA61D318D82005D05E7 /* Supporting Files */ = {
			isa = PBXGroup;
			children = (
				55A63BA71D318D82005D05E7 /* PushNotificationPayload.apns */,
			);
			name = "Supporting Files";
			sourceTree = "<group>";
		};
/* End PBXGroup section */

/* Begin PBXNativeTarget section */
		55A63B7F1D318D81005D05E7 /* PingPongTracker */ = {
			isa = PBXNativeTarget;
			buildConfigurationList = 55A63BBB1D318D82005D05E7 /* Build configuration list for PBXNativeTarget "PingPongTracker" */;
			buildPhases = (
				55A63B7C1D318D81005D05E7 /* Sources */,
				55A63B7D1D318D81005D05E7 /* Frameworks */,
				55A63B7E1D318D81005D05E7 /* Resources */,
				55A63BBA1D318D82005D05E7 /* Embed Watch Content */,
			);
			buildRules = (
			);
			dependencies = (
				55A63B951D318D82005D05E7 /* PBXTargetDependency */,
			);
			name = PingPongTracker;
			productName = PingPongTracker;
			productReference = 55A63B801D318D81005D05E7 /* PingPongTracker.app */;
			productType = "com.apple.product-type.application";
		};
		55A63B911D318D82005D05E7 /* PingPongTracker WatchKit App */ = {
			isa = PBXNativeTarget;
			buildConfigurationList = 55A63BB71D318D82005D05E7 /* Build configuration list for PBXNativeTarget "PingPongTracker WatchKit App" */;
			buildPhases = (
				55A63B901D318D82005D05E7 /* Resources */,
				55A63BB61D318D82005D05E7 /* Embed App Extensions */,
			);
			buildRules = (
			);
			dependencies = (
				55A63BA41D318D82005D05E7 /* PBXTargetDependency */,
			);
			name = "PingPongTracker WatchKit App";
			productName = "PingPongTracker WatchKit App";
			productReference = 55A63B921D318D82005D05E7 /* PingPongTracker WatchKit App.app */;
			productType = "com.apple.product-type.application.watchapp2";
		};
		55A63BA01D318D82005D05E7 /* PingPongTracker WatchKit Extension */ = {
			isa = PBXNativeTarget;
			buildConfigurationList = 55A63BB31D318D82005D05E7 /* Build configuration list for PBXNativeTarget "PingPongTracker WatchKit Extension" */;
			buildPhases = (
				55A63B9D1D318D82005D05E7 /* Sources */,
				55A63B9E1D318D82005D05E7 /* Frameworks */,
				55A63B9F1D318D82005D05E7 /* Resources */,
			);
			buildRules = (
			);
			dependencies = (
			);
			name = "PingPongTracker WatchKit Extension";
			productName = "PingPongTracker WatchKit Extension";
			productReference = 55A63BA11D318D82005D05E7 /* PingPongTracker WatchKit Extension.appex */;
			productType = "com.apple.product-type.watchkit2-extension";
		};
/* End PBXNativeTarget section */

/* Begin PBXProject section */
		55A63B781D318D81005D05E7 /* Project object */ = {
			isa = PBXProject;
			attributes = {
				LastSwiftUpdateCheck = 0730;
				LastUpgradeCheck = 0730;
				ORGANIZATIONNAME = "Mike Henry";
				TargetAttributes = {
					55A63B7F1D318D81005D05E7 = {
						CreatedOnToolsVersion = 7.3.1;
						DevelopmentTeam = 6K26YVY47S;
					};
					55A63B911D318D82005D05E7 = {
						CreatedOnToolsVersion = 7.3.1;
					};
					55A63BA01D318D82005D05E7 = {
						CreatedOnToolsVersion = 7.3.1;
					};
				};
			};
			buildConfigurationList = 55A63B7B1D318D81005D05E7 /* Build configuration list for PBXProject "PingPongTracker" */;
			compatibilityVersion = "Xcode 3.2";
			developmentRegion = English;
			hasScannedForEncodings = 0;
			knownRegions = (
				en,
				Base,
			);
			mainGroup = 55A63B771D318D81005D05E7;
			productRefGroup = 55A63B811D318D81005D05E7 /* Products */;
			projectDirPath = "";
			projectRoot = "";
			targets = (
				55A63B7F1D318D81005D05E7 /* PingPongTracker */,
				55A63B911D318D82005D05E7 /* PingPongTracker WatchKit App */,
				55A63BA01D318D82005D05E7 /* PingPongTracker WatchKit Extension */,
			);
		};
/* End PBXProject section */

/* Begin PBXResourcesBuildPhase section */
		55A63B7E1D318D81005D05E7 /* Resources */ = {
			isa = PBXResourcesBuildPhase;
			buildActionMask = 2147483647;
			files = (
				55A63B8E1D318D81005D05E7 /* LaunchScreen.storyboard in Resources */,
				55A63B8B1D318D81005D05E7 /* Assets.xcassets in Resources */,
				55A63B891D318D81005D05E7 /* Main.storyboard in Resources */,
			);
			runOnlyForDeploymentPostprocessing = 0;
		};
		55A63B901D318D82005D05E7 /* Resources */ = {
			isa = PBXResourcesBuildPhase;
			buildActionMask = 2147483647;
			files = (
				55A63B9B1D318D82005D05E7 /* Assets.xcassets in Resources */,
				55A63B991D318D82005D05E7 /* Interface.storyboard in Resources */,
			);
			runOnlyForDeploymentPostprocessing = 0;
		};
		55A63B9F1D318D82005D05E7 /* Resources */ = {
			isa = PBXResourcesBuildPhase;
			buildActionMask = 2147483647;
			files = (
				55A63BAF1D318D82005D05E7 /* Assets.xcassets in Resources */,
			);
			runOnlyForDeploymentPostprocessing = 0;
		};
/* End PBXResourcesBuildPhase section */

/* Begin PBXSourcesBuildPhase section */
		55A63B7C1D318D81005D05E7 /* Sources */ = {
			isa = PBXSourcesBuildPhase;
			buildActionMask = 2147483647;
			files = (
				55A63B861D318D81005D05E7 /* ViewController.swift in Sources */,
				55A63B841D318D81005D05E7 /* AppDelegate.swift in Sources */,
			);
			runOnlyForDeploymentPostprocessing = 0;
		};
		55A63B9D1D318D82005D05E7 /* Sources */ = {
			isa = PBXSourcesBuildPhase;
			buildActionMask = 2147483647;
			files = (
				55A63BAD1D318D82005D05E7 /* NotificationController.swift in Sources */,
				55A63BAB1D318D82005D05E7 /* ExtensionDelegate.swift in Sources */,
				55A63BA91D318D82005D05E7 /* InterfaceController.swift in Sources */,
			);
			runOnlyForDeploymentPostprocessing = 0;
		};
/* End PBXSourcesBuildPhase section */

/* Begin PBXTargetDependency section */
		55A63B951D318D82005D05E7 /* PBXTargetDependency */ = {
			isa = PBXTargetDependency;
			target = 55A63B911D318D82005D05E7 /* PingPongTracker WatchKit App */;
			targetProxy = 55A63B941D318D82005D05E7 /* PBXContainerItemProxy */;
		};
		55A63BA41D318D82005D05E7 /* PBXTargetDependency */ = {
			isa = PBXTargetDependency;
			target = 55A63BA01D318D82005D05E7 /* PingPongTracker WatchKit Extension */;
			targetProxy = 55A63BA31D318D82005D05E7 /* PBXContainerItemProxy */;
		};
/* End PBXTargetDependency section */

/* Begin PBXVariantGroup section */
		55A63B871D318D81005D05E7 /* Main.storyboard */ = {
			isa = PBXVariantGroup;
			children = (
				55A63B881D318D81005D05E7 /* Base */,
			);
			name = Main.storyboard;
			sourceTree = "<group>";
		};
		55A63B8C1D318D81005D05E7 /* LaunchScreen.storyboard */ = {
			isa = PBXVariantGroup;
			children = (
				55A63B8D1D318D81005D05E7 /* Base */,
			);
			name = LaunchScreen.storyboard;
			sourceTree = "<group>";
		};
		55A63B971D318D82005D05E7 /* Interface.storyboard */ = {
			isa = PBXVariantGroup;
			children = (
				55A63B981D318D82005D05E7 /* Base */,
			);
			name = Interface.storyboard;
			sourceTree = "<group>";
		};
/* End PBXVariantGroup section */

/* Begin XCBuildConfiguration section */
		55A63BB11D318D82005D05E7 /* Debug */ = {
			isa = XCBuildConfiguration;
			buildSettings = {
				ALWAYS_SEARCH_USER_PATHS = NO;
				CLANG_ANALYZER_NONNULL = YES;
				CLANG_CXX_LANGUAGE_STANDARD = "gnu++0x";
				CLANG_CXX_LIBRARY = "libc++";
				CLANG_ENABLE_MODULES = YES;
				CLANG_ENABLE_OBJC_ARC = YES;
				CLANG_WARN_BOOL_CONVERSION = YES;
				CLANG_WARN_CONSTANT_CONVERSION = YES;
				CLANG_WARN_DIRECT_OBJC_ISA_USAGE = YES_ERROR;
				CLANG_WARN_EMPTY_BODY = YES;
				CLANG_WARN_ENUM_CONVERSION = YES;
				CLANG_WARN_INT_CONVERSION = YES;
				CLANG_WARN_OBJC_ROOT_CLASS = YES_ERROR;
				CLANG_WARN_UNREACHABLE_CODE = YES;
				CLANG_WARN__DUPLICATE_METHOD_MATCH = YES;
				"CODE_SIGN_IDENTITY[sdk=iphoneos*]" = "iPhone Developer";
				COPY_PHASE_STRIP = NO;
				DEBUG_INFORMATION_FORMAT = dwarf;
				ENABLE_STRICT_OBJC_MSGSEND = YES;
				ENABLE_TESTABILITY = YES;
				GCC_C_LANGUAGE_STANDARD = gnu99;
				GCC_DYNAMIC_NO_PIC = NO;
				GCC_NO_COMMON_BLOCKS = YES;
				GCC_OPTIMIZATION_LEVEL = 0;
				GCC_PREPROCESSOR_DEFINITIONS = (
					"DEBUG=1",
					"$(inherited)",
				);
				GCC_WARN_64_TO_32_BIT_CONVERSION = YES;
				GCC_WARN_ABOUT_RETURN_TYPE = YES_ERROR;
				GCC_WARN_UNDECLARED_SELECTOR = YES;
				GCC_WARN_UNINITIALIZED_AUTOS = YES_AGGRESSIVE;
				GCC_WARN_UNUSED_FUNCTION = YES;
				GCC_WARN_UNUSED_VARIABLE = YES;
				IPHONEOS_DEPLOYMENT_TARGET = 9.3;
				MTL_ENABLE_DEBUG_INFO = YES;
				ONLY_ACTIVE_ARCH = YES;
				SDKROOT = iphoneos;
				SWIFT_OPTIMIZATION_LEVEL = "-Onone";
			};
			name = Debug;
		};
		55A63BB21D318D82005D05E7 /* Release */ = {
			isa = XCBuildConfiguration;
			buildSettings = {
				ALWAYS_SEARCH_USER_PATHS = NO;
				CLANG_ANALYZER_NONNULL = YES;
				CLANG_CXX_LANGUAGE_STANDARD = "gnu++0x";
				CLANG_CXX_LIBRARY = "libc++";
				CLANG_ENABLE_MODULES = YES;
				CLANG_ENABLE_OBJC_ARC = YES;
				CLANG_WARN_BOOL_CONVERSION = YES;
				CLANG_WARN_CONSTANT_CONVERSION = YES;
				CLANG_WARN_DIRECT_OBJC_ISA_USAGE = YES_ERROR;
				CLANG_WARN_EMPTY_BODY = YES;
				CLANG_WARN_ENUM_CONVERSION = YES;
				CLANG_WARN_INT_CONVERSION = YES;
				CLANG_WARN_OBJC_ROOT_CLASS = YES_ERROR;
				CLANG_WARN_UNREACHABLE_CODE = YES;
				CLANG_WARN__DUPLICATE_METHOD_MATCH = YES;
				"CODE_SIGN_IDENTITY[sdk=iphoneos*]" = "iPhone Developer";
				COPY_PHASE_STRIP = NO;
				DEBUG_INFORMATION_FORMAT = "dwarf-with-dsym";
				ENABLE_NS_ASSERTIONS = NO;
				ENABLE_STRICT_OBJC_MSGSEND = YES;
				GCC_C_LANGUAGE_STANDARD = gnu99;
				GCC_NO_COMMON_BLOCKS = YES;
				GCC_WARN_64_TO_32_BIT_CONVERSION = YES;
				GCC_WARN_ABOUT_RETURN_TYPE = YES_ERROR;
				GCC_WARN_UNDECLARED_SELECTOR = YES;
				GCC_WARN_UNINITIALIZED_AUTOS = YES_AGGRESSIVE;
				GCC_WARN_UNUSED_FUNCTION = YES;
				GCC_WARN_UNUSED_VARIABLE = YES;
				IPHONEOS_DEPLOYMENT_TARGET = 9.3;
				MTL_ENABLE_DEBUG_INFO = NO;
				SDKROOT = iphoneos;
				VALIDATE_PRODUCT = YES;
			};
			name = Release;
		};
		55A63BB41D318D82005D05E7 /* Debug */ = {
			isa = XCBuildConfiguration;
			buildSettings = {
				INFOPLIST_FILE = "PingPongTracker WatchKit Extension/Info.plist";
				LD_RUNPATH_SEARCH_PATHS = "$(inherited) @executable_path/Frameworks @executable_path/../../Frameworks";
				PRODUCT_BUNDLE_IDENTIFIER = com.henrymike.PingPongTracker.watchkitapp.watchkitextension;
				PRODUCT_NAME = "${TARGET_NAME}";
				SDKROOT = watchos;
				SKIP_INSTALL = YES;
				TARGETED_DEVICE_FAMILY = 4;
				WATCHOS_DEPLOYMENT_TARGET = 2.2;
			};
			name = Debug;
		};
		55A63BB51D318D82005D05E7 /* Release */ = {
			isa = XCBuildConfiguration;
			buildSettings = {
				INFOPLIST_FILE = "PingPongTracker WatchKit Extension/Info.plist";
				LD_RUNPATH_SEARCH_PATHS = "$(inherited) @executable_path/Frameworks @executable_path/../../Frameworks";
				PRODUCT_BUNDLE_IDENTIFIER = com.henrymike.PingPongTracker.watchkitapp.watchkitextension;
				PRODUCT_NAME = "${TARGET_NAME}";
				SDKROOT = watchos;
				SKIP_INSTALL = YES;
				TARGETED_DEVICE_FAMILY = 4;
				WATCHOS_DEPLOYMENT_TARGET = 2.2;
			};
			name = Release;
		};
		55A63BB81D318D82005D05E7 /* Debug */ = {
			isa = XCBuildConfiguration;
			buildSettings = {
				ASSETCATALOG_COMPILER_APPICON_NAME = AppIcon;
				EMBEDDED_CONTENT_CONTAINS_SWIFT = YES;
				IBSC_MODULE = PingPongTracker_WatchKit_Extension;
				INFOPLIST_FILE = "PingPongTracker WatchKit App/Info.plist";
				PRODUCT_BUNDLE_IDENTIFIER = com.henrymike.PingPongTracker.watchkitapp;
				PRODUCT_NAME = "$(TARGET_NAME)";
				SDKROOT = watchos;
				SKIP_INSTALL = YES;
				TARGETED_DEVICE_FAMILY = 4;
				WATCHOS_DEPLOYMENT_TARGET = 2.2;
			};
			name = Debug;
		};
		55A63BB91D318D82005D05E7 /* Release */ = {
			isa = XCBuildConfiguration;
			buildSettings = {
				ASSETCATALOG_COMPILER_APPICON_NAME = AppIcon;
				EMBEDDED_CONTENT_CONTAINS_SWIFT = YES;
				IBSC_MODULE = PingPongTracker_WatchKit_Extension;
				INFOPLIST_FILE = "PingPongTracker WatchKit App/Info.plist";
				PRODUCT_BUNDLE_IDENTIFIER = com.henrymike.PingPongTracker.watchkitapp;
				PRODUCT_NAME = "$(TARGET_NAME)";
				SDKROOT = watchos;
				SKIP_INSTALL = YES;
				TARGETED_DEVICE_FAMILY = 4;
				WATCHOS_DEPLOYMENT_TARGET = 2.2;
			};
			name = Release;
		};
		55A63BBC1D318D82005D05E7 /* Debug */ = {
			isa = XCBuildConfiguration;
			buildSettings = {
				ASSETCATALOG_COMPILER_APPICON_NAME = AppIcon;
				CODE_SIGN_IDENTITY = "iPhone Developer";
				INFOPLIST_FILE = PingPongTracker/Info.plist;
				LD_RUNPATH_SEARCH_PATHS = "$(inherited) @executable_path/Frameworks";
				PRODUCT_BUNDLE_IDENTIFIER = com.henrymike.PingPongTracker;
				PRODUCT_NAME = "$(TARGET_NAME)";
			};
			name = Debug;
		};
		55A63BBD1D318D82005D05E7 /* Release */ = {
			isa = XCBuildConfiguration;
			buildSettings = {
				ASSETCATALOG_COMPILER_APPICON_NAME = AppIcon;
				CODE_SIGN_IDENTITY = "iPhone Developer";
				INFOPLIST_FILE = PingPongTracker/Info.plist;
				LD_RUNPATH_SEARCH_PATHS = "$(inherited) @executable_path/Frameworks";
				PRODUCT_BUNDLE_IDENTIFIER = com.henrymike.PingPongTracker;
				PRODUCT_NAME = "$(TARGET_NAME)";
			};
			name = Release;
		};
/* End XCBuildConfiguration section */

/* Begin XCConfigurationList section */
		55A63B7B1D318D81005D05E7 /* Build configuration list for PBXProject "PingPongTracker" */ = {
			isa = XCConfigurationList;
			buildConfigurations = (
				55A63BB11D318D82005D05E7 /* Debug */,
				55A63BB21D318D82005D05E7 /* Release */,
			);
			defaultConfigurationIsVisible = 0;
			defaultConfigurationName = Release;
		};
		55A63BB31D318D82005D05E7 /* Build configuration list for PBXNativeTarget "PingPongTracker WatchKit Extension" */ = {
			isa = XCConfigurationList;
			buildConfigurations = (
				55A63BB41D318D82005D05E7 /* Debug */,
				55A63BB51D318D82005D05E7 /* Release */,
			);
			defaultConfigurationIsVisible = 0;
		};
		55A63BB71D318D82005D05E7 /* Build configuration list for PBXNativeTarget "PingPongTracker WatchKit App" */ = {
			isa = XCConfigurationList;
			buildConfigurations = (
				55A63BB81D318D82005D05E7 /* Debug */,
				55A63BB91D318D82005D05E7 /* Release */,
			);
			defaultConfigurationIsVisible = 0;
		};
		55A63BBB1D318D82005D05E7 /* Build configuration list for PBXNativeTarget "PingPongTracker" */ = {
			isa = XCConfigurationList;
			buildConfigurations = (
				55A63BBC1D318D82005D05E7 /* Debug */,
				55A63BBD1D318D82005D05E7 /* Release */,
			);
			defaultConfigurationIsVisible = 0;
		};
/* End XCConfigurationList section */
	};
	rootObject = 55A63B781D318D81005D05E7 /* Project object */;
}
